{
  "requires": true,
  "lockfileVersion": 1,
  "dependencies": {
    "tapable": {
      "version": "2.1.1",
      "resolved": "https://registry.npm.taobao.org/tapable/download/tapable-2.1.1.tgz?cache=0&sync_timestamp=1604917766151&other_urls=https%3A%2F%2Fregistry.npm.taobao.org%2Ftapable%2Fdownload%2Ftapable-2.1.1.tgz",
      "integrity": "sha1-sBzBkC1Cp7swUU4yDOIcRW9y/T8="
    }
  }
}
